
Microsoft Visual Studio Solution File, Format Version 12.00
# Visual Studio 15
VisualStudioVersion = 15.0.28307.271
MinimumVisualStudioVersion = 10.0.40219.1
Project("{FAE04EC0-301F-11D3-BF4B-00C04F79EFBC}") = "Lab2", "Lab2\Lab2.csproj", "{7C466BB2-A0A7-4BD1-8BF4-6128B7C5AD6A}"
EndProject
Global
	GlobalSection(SolutionConfigurationPlatforms) = preSolution
		Debug|Any CPU = Debug|Any CPU
		Release|Any CPU = Release|Any CPU
	EndGlobalSection
	GlobalSection(ProjectConfigurationPlatforms) = postSolution
		{7C466BB2-A0A7-4BD1-8BF4-6128B7C5AD6A}.Debug|Any CPU.ActiveCfg = Debug|Any CPU
		{7C466BB2-A0A7-4BD1-8BF4-6128B7C5AD6A}.Debug|Any CPU.Build.0 = Debug|Any CPU
		{7C466BB2-A0A7-4BD1-8BF4-6128B7C5AD6A}.Release|Any CPU.ActiveCfg = Release|Any CPU
		{7C466BB2-A0A7-4BD1-8BF4-6128B7C5AD6A}.Release|Any CPU.Build.0 = Release|Any CPU
	EndGlobalSection
	GlobalSection(SolutionProperties) = preSolution
		HideSolutionNode = FALSE
	EndGlobalSection
	GlobalSection(ExtensibilityGlobals) = postSolution
		SolutionGuid = {E1E94F60-EF5A-4C3A-B531-AFB6E2409EDD}
	EndGlobalSection
EndGlobal
